# migration.lock — every migration this tree ships, in the order they were added.
#
# GENERATED. Regenerate with:  bin/gen-migration-lock
#
# THE RULES, enforced by migration_lock_t75_test.go:
#   * new migrations are APPENDED AT THE END of this file, never inserted;
#   * an existing line is never edited, reordered or deleted;
#   * the version column therefore only ever ascends.
#
# WHY THE ROLL LINE. It is a sha256 over every entry line below it. Two branches
# that each add a migration write DIFFERENT roll values, so git refuses to merge
# them and someone has to look — which is the whole point of this file. A plain
# "count=N max=NNNNN" header does NOT do this: when two branches collide on a
# number they write the IDENTICAL summary, and git merges identical changes
# without a word. That was measured, not assumed.
#
# WHY EACH LINE CARRIES A CONTENT HASH. Editing an already-shipped migration is
# invisible to goose (one row per version, never revisited): new installs get the
# edit, upgraded stations never do, and nothing errors. Only the hash sees it.
roll sha256:de339cbfb95c2220f56d5599f31ad33000e039bae0c16e43313c9fd21a343f00
00001 migrations/00001_schema.sql sha256:373a2a54ba46ba7fc3e10f592e663c639d7ca217ed9a50d4c93730c73e9f8298
00002 migrations/00002_settings.sql sha256:800b45a9db1ba6fe7b79709f394a6990e270b4bdfda8d54f20e29f85f7ab089c
00003 migrations/00003_reply_card.sql sha256:a5c9097852dbb2d953009b679e63c684331532648d92c229404f2b6748f78660
00004 migrations/00004_tasks.sql sha256:78246a4c94661bcac51f4128b6ceb162043a7806e9e24450e229a0a648f8bfa1
00005 migrations/00005_task_closeout.sql sha256:9f8edb105dd5577aa420811dc7d7dc9ce2e31dd09bb16c0e65fdc6dab55cf081
00006 migrations/00006_last_op_reason.sql sha256:2978f5f7547479a210eea329d8f42b83c78219b7d7200735945ac9235422df10
00007 migrations/00007_webhook.sql sha256:130e8a35f732b7e30c46c577ba8072aecf7e3393c5cb7a135d85c9294ee6fca2
00008 migrations/00008_task_manual_display_name.sql sha256:c3d5f47510b3bf05c9b905996917803a448090a7c6b161d8d0ad0b4a0fcebe5d
00009 migrations/00009_task_creator.sql sha256:30ca4f48529257fe2e424819ca676aeeb19631c6d3c3b07ab524591150a86a0c
00010 migrations/00010_task_manual_iskey_required.sql sha256:5c982dde209e7c535a4c423efb6730198dc276d862e116bd778a6902370b47bf
00011 migrations/00011_task_duplicated.sql sha256:fcec9bd3e7461b030ec5a57fcb3f639e387e76caf4b4125b4ab0fa7b1b7d89cd
00012 migrations/00012_webhook_platform.sql sha256:61acb49cb4f190ca384a588ac098dee277bfd24350347d1906a911bff3652fb1
00013 migrations/00013_reply_card_expired.sql sha256:54dfa0abd22f041b44bbf757941365a530e164159b9cdd7d4f8f367bff11086d
00014 migrations/00014_webhook_observability.sql sha256:3d03b84c8554cf2610a192b61564aca755b651b26e6d60d8404d7ced7c1ce8dd
00015 migrations/00015_reply_card_attachments.sql sha256:58ae76fd40a12d7e75c7d545bc31932460c04911b2fac8f4258e07654b56547a
00016 migrations/00016_step_superseded.sql sha256:0ac45cd9eed2cb78beecf5160f693bbde4c292f087745952cbb11d379ab425ff
00017 migrations/00017_worker_spawn_observability.sql sha256:4dbee8b5d886a01eb5408f48e93af6faec0784637ee3d4365bc2aa0826fc93fa
00018 migrations/00018_worker_desired_machine.sql sha256:5f2304ee0caf84bbfdf19ebd5594eaf28d021e1ac3937718948cb48b4651ea0c
00019 migrations/00019_worker_refocus_since.sql sha256:36d28876146c59a623c9f64d30d9a238aa792eaff07ba9c5e86df8f6ae38855f
00020 migrations/00020_worker_desired_state.sql sha256:041a32c389f85ee51bb5e5f7b34dd80c16751851dc766a652748f19c1263c5f0
00021 migrations/00021_worker_banked_cost.sql sha256:c84bdf89953d0af75c336d7d0fd288f46c33bf32fdb01d0eb664b04386cdffbd
00022 migrations/00022_task_artifact.sql sha256:d0342a92782f8335283bb738f94395827ccc532d7b84c5c3ff28ee7edc3f0866
00023 migrations/00023_task_reassigned_from.sql sha256:6a7c25911254d66c41aa2aa1f188c1005feada54b6641149e6d7bca1d276f367
00024 migrations/00024_member_kind_outsource_and_linked_task.sql sha256:5da4b7c80de33cab420825a35c762d1563077f58d995d9ae17967110054f612f
00025 migrations/00025_outsource_worker_fold_into_member.sql sha256:f6435136b915160cd7964d4e582af9933f26dea6b08974d543fab981fbb50b7c
00026 migrations/00026_outsource_delegation_policy.sql sha256:f8e3f55b9cddc0b245e205d64ecab30fedf2fc62ba9d2136188e7b6a1b8b7ffd
00028 migrations/00028_task_lock_and_step_waiting_reason.sql sha256:ea87c706de9378249fe8bc179555ea9becc999179c759ce623a2799a33fd939d
00029 migrations/00029_task_outsource_target.sql sha256:3a00691cbb5e21eff96cb7996eab70669a9b08f56885125d5bad800d06fe487c
00030 migrations/00030_drop_outsource_delegation_policy.sql sha256:76360e12521c630bad15f464c3bfb2eb5c37eeaaff8b7a83b51786f9b9c28cf1
00031 migrations/00031_task_handoff.sql sha256:d894fe86eb976c96c1aa85421c24f822c808aa195c67270d001c3fedd566990b
00032 migrations/00032_agent_runtime.sql sha256:ef91282bdf9793977da844b11d6b38d94da595bcfd1ff29d4323b1a80f5e9b59
00033 migrations/00033_web_push.sql sha256:66622b899d2b4969dabb70b8696e2b440125e79ead2e03eaf59f5f063d742459
00034 migrations/00034_warden_command_queue.sql sha256:e8e6d8cca95e765ceb0bb0190c5a0a4dca2abdca991e1dacdb95aa9dc1d8aad6
00035 migrations/00035_normalize_auto_machine_placement.sql sha256:6f4e83d818ad412f507830de478fe20f7ea8ed776a4c5c73c6223ef61e4bf94b
00036 migrations/00036_task_outsource_dispatched.sql sha256:d4237a4ce35ed2ad2fc2e3ef3ffaa71b5cbe1ff1957495627819eb6f0f8616c8
00037 migrations/00037_task_frozen_by.sql sha256:7d6a44f70761bea2e96dfe7f45d4d1fd58a3b0144a63ad7f69c507ff333a27a8
00039 migrations/00039_member_last_machine_id.sql sha256:f687caf2a18e3bbc3238bf89d54b2d324035c09cf8d9a23b942a164dce790b1c
00040 migrations/00040_member_avatar.sql sha256:407d46f0ac74f90dc247b14393f228068fc3ad64a0212aae404e8162a7419519
00041 migrations/00041_task_handover_notes.sql sha256:be023d01105a462f87d97895bf0b4006539b051308fd73296a39a4546b121ccf
00042 migrations/00042_member_actual_model.sql sha256:90c3a7f5196dd5605d28177f96034aee663382e6bb5144163c5a25ff15907d09
00043 migrations/00043_document_history.sql sha256:5a8f3f248252e14f5c48ef2ad79eec04aeb72da4c93d5c4bc6e82e276fafbb33
00044 migrations/00044_member_reported_launch_facts.sql sha256:b6704e16dd72f788abd9dc9640de58e78d93ab083c626cf8fb4263ebfe46c184
00045 migrations/00045_drop_legacy_task_manual_history.sql sha256:f5fa5f699a66891e6622299b40cfec7f70be1b76ff4aaa43db71f5fb36516d5c
00046 migrations/00046_task_step_note.sql sha256:e6958701b9ceee9614bec884e8355e9cf89eb61aa68ff9238301c4e709486259
00047 migrations/00047_role_insight.sql sha256:e93428a5b9c870a57918dba238a7fdfe0662651153e5d83f1c86cac719bd9113
00048 migrations/00048_doc_cap_chars_per_segment.sql sha256:39b7c1df635f1461d2a209e2ace842667ec756fee00ec9f47d06af73de23d0ae
00049 migrations/00049_doc_cap_chars_manual_split.sql sha256:91310f9a710be7b1d85cb6d1ee609c6cd9d8648e1e5d6e08eab22e3f3615b6f9
00050 migrations/00050_scheduled_message.sql sha256:1d208fed5ab6e9a0aa71a4125ff8016408d81197223f23bf6d55a4c3a27435cc
00051 migrations/00051_member_session_boot_ts.sql sha256:ca4d87cc93e6fcba2e71df78228049144f053e2ba08af99445404a746d32ab26
00052 migrations/00052_scheduled_message_custom_cadence.sql sha256:ea61ae6c5904234ad01cd7a74613d8d58902080e76808e2931337f11cd45933d
00053 migrations/00053_scheduled_message_custom_months.sql sha256:d422244bc698d6bec29e1bd48914dd12f20acc07a19efbeb7641db8306b6bacc
00054 migration_00054_reaim_custom_cursors.go sha256:17f78c794deccfd60ec30e514e146e149ef0cee0dc106c419ee52e42b23ff58f
00055 migrations/00055_boot_document.sql sha256:66f6cf6cc03022e64545735e5c476f42a79fe421652e4cb95911864a96ad7bb9
00056 migrations/00056_task_kickoff_notified.sql sha256:13ea58fbd57104f14d68518578678a042ff3aeea7f27a7a263f34c1e83d0b32e
00057 migrations/00057_member_forced_stop_at.sql sha256:bd9be9270a3fcc30d1698ca67185f13b5ebf7a3ebe6ec3039d13a2f21c522127
00058 migrations/00058_member_handover_noticed_ts.sql sha256:f26d18df2cacadcbf8901a29e3eb3dc3ac8d6a50eb45cd899b3848dffef63321
00059 migration_00059_custom_theme_table.go sha256:d5f87f4126c388591ed498b9c6adbea688aa78c1c074d2cd643657e9557cc072
00060 migrations/00060_task_id_sequence.sql sha256:8b7f7082e850ab8afe3134f8c7363dfd94947fa67c735fd145bf49ad17050c43
00061 migrations/00061_drop_non_general_lessons.sql sha256:c7539a41c70a119bffc2eeed1c0d4b3ef8fbfae3f167e29ab0fb82c842487164
00062 migrations/00062_drop_lessons_task_type.sql sha256:32c5e1c0570ff5d6fa691c54d1ab547800c53d4afecc0f2ca042d6ae735d8be2
00063 migrations/00063_member_agent_iat_floor.sql sha256:b9ff3d8901ddc714a9def1b0ebea3b5cd48489b231f73ab1ad25b74deb1e9ecd
00065 migrations/00065_reply_card_multi_select.sql sha256:8b625a4a15c570acbfa49d0a9940f6d2bfe4f3b7ef869399170478f7488f638e
00069 migrations/00069_account_spend.sql sha256:7967ecbbf37036ace577932392a20a24b7014388af3b1262277b9306711a6a9c
00070 migrations/00070_member_restart_after_stop.sql sha256:da7af38a134d0e8dde69534617eb50e08c13e248a2587dd3209f938751e09096
00071 migrations/00071_task_artifact_history.sql sha256:54c2e85f257f1a19d69ab4b235dd45e14ba144f709c2ef7e30e568767d2f7cf5
00074 migrations/00074_chat_attachment_ref.sql sha256:b975bdfdfb25837baaeab384a2b71aa4cbb153fbe2979f0ed259f56bae70bf05
00075 migrations/00075_chat_message_recipient_sender_ts.sql sha256:4957db0ccb9693aebff71d3135218c3d61c0357637ab0417385853f2b85a8522
00076 migrations/00076_member_kind_assistant_to_staff.sql sha256:f77d261b0e1c8936638ad882f40148661ac46e02871cddf36c703af00d4f72ad
00080 migrations/00080_member_signing_key_observed.sql sha256:554904b42b27ea78ca921a58b40169b4f931ac9531f7179377ff385a68bb3b66
